// !$*UTF8*$!
{
	archiveVersion = 1;
	classes = {
	};
	objectVersion = 50;
	objects = {

/* Begin PBXBuildFile section */
		517AEB3627DFB06000D00075 /* LoginFlow.swift in Sources */ = {isa = PBXBuildFile; fileRef = 517AEB3527DFB06000D00075 /* LoginFlow.swift */; };
		51BAB29527DF9CEF00B2FC6D /* Resources in Resources */ = {isa = PBXBuildFile; fileRef = 51BAB29427DF9CEF00B2FC6D /* Resources */; };
		DD0D79552593AECB0065267F /* AppDelegate.m in Sources */ = {isa = PBXBuildFile; fileRef = DD0D79542593AECB0065267F /* AppDelegate.m */; };
		DD0D795A2593AECC0065267F /* Assets.xcassets in Resources */ = {isa = PBXBuildFile; fileRef = DD0D79592593AECC0065267F /* Assets.xcassets */; };
		DD0D795D2593AECC0065267F /* Main.storyboard in Resources */ = {isa = PBXBuildFile; fileRef = DD0D795B2593AECC0065267F /* Main.storyboard */; };
		DD0D79602593AECC0065267F /* main.m in Sources */ = {isa = PBXBuildFile; fileRef = DD0D795F2593AECC0065267F /* main.m */; };
		DD0D79982593B8B70065267F /* CFUPhishingAttack.m in Sources */ = {isa = PBXBuildFile; fileRef = DD0D79972593B8B70065267F /* CFUPhishingAttack.m */; };
/* End PBXBuildFile section */

/* Begin PBXFileReference section */
		517AEB3427DFB06000D00075 /* CoreFollowUpPoC-Bridging-Header.h */ = {isa = PBXFileReference; lastKnownFileType = sourcecode.c.h; path = "CoreFollowUpPoC-Bridging-Header.h"; sourceTree = "<group>"; };
		517AEB3527DFB06000D00075 /* LoginFlow.swift */ = {isa = PBXFileReference; lastKnownFileType = sourcecode.swift; path = LoginFlow.swift; sourceTree = "<group>"; };
		51BAB29427DF9CEF00B2FC6D /* Resources */ = {isa = PBXFileReference; fileEncoding = 4; lastKnownFileType = text; path = Resources; sourceTree = SOURCE_ROOT; };
		DD0D79502593AECB0065267F /* CoreFollowUpPoC.app */ = {isa = PBXFileReference; explicitFileType = wrapper.application; includeInIndex = 0; path = CoreFollowUpPoC.app; sourceTree = BUILT_PRODUCTS_DIR; };
		DD0D79532593AECB0065267F /* AppDelegate.h */ = {isa = PBXFileReference; lastKnownFileType = sourcecode.c.h; path = AppDelegate.h; sourceTree = "<group>"; };
		DD0D79542593AECB0065267F /* AppDelegate.m */ = {isa = PBXFileReference; lastKnownFileType = sourcecode.c.objc; path = AppDelegate.m; sourceTree = "<group>"; };
		DD0D79592593AECC0065267F /* Assets.xcassets */ = {isa = PBXFileReference; lastKnownFileType = folder.assetcatalog; path = Assets.xcassets; sourceTree = "<group>"; };
		DD0D795C2593AECC0065267F /* Base */ = {isa = PBXFileReference; lastKnownFileType = file.storyboard; name = Base; path = Base.lproj/Main.storyboard; sourceTree = "<group>"; };
		DD0D795E2593AECC0065267F /* Info.plist */ = {isa = PBXFileReference; lastKnownFileType = text.plist.xml; path = Info.plist; sourceTree = "<group>"; };
		DD0D795F2593AECC0065267F /* main.m */ = {isa = PBXFileReference; lastKnownFileType = sourcecode.c.objc; path = main.m; sourceTree = "<group>"; };
		DD0D79612593AECC0065267F /* CoreFollowUpPoC.entitlements */ = {isa = PBXFileReference; lastKnownFileType = text.plist.entitlements; path = CoreFollowUpPoC.entitlements; sourceTree = "<group>"; };
		DD0D79682593B2A40065267F /* CoreFollowUp.h */ = {isa = PBXFileReference; lastKnownFileType = sourcecode.c.h; path = CoreFollowUp.h; sourceTree = "<group>"; };
		DD0D79962593B8B70065267F /* CFUPhishingAttack.h */ = {isa = PBXFileReference; lastKnownFileType = sourcecode.c.h; path = CFUPhishingAttack.h; sourceTree = "<group>"; };
		DD0D79972593B8B70065267F /* CFUPhishingAttack.m */ = {isa = PBXFileReference; lastKnownFileType = sourcecode.c.objc; path = CFUPhishingAttack.m; sourceTree = "<group>"; };
/* End PBXFileReference section */

/* Begin PBXFrameworksBuildPhase section */
		DD0D794D2593AECB0065267F /* Frameworks */ = {
			isa = PBXFrameworksBuildPhase;
			buildActionMask = 2147483647;
			files = (
			);
			runOnlyForDeploymentPostprocessing = 0;
		};
/* End PBXFrameworksBuildPhase section */

/* Begin PBXGroup section */
		517AEB3327DFB05200D00075 /* UI */ = {
			isa = PBXGroup;
			children = (
				517AEB3527DFB06000D00075 /* LoginFlow.swift */,
				517AEB3427DFB06000D00075 /* CoreFollowUpPoC-Bridging-Header.h */,
			);
			path = UI;
			sourceTree = "<group>";
		};
		DD0D79472593AECB0065267F = {
			isa = PBXGroup;
			children = (
				DD0D79952593B8A60065267F /* Attack */,
				DD0D79522593AECB0065267F /* CoreFollowUpPoC */,
				DD0D79512593AECB0065267F /* Products */,
			);
			sourceTree = "<group>";
		};
		DD0D79512593AECB0065267F /* Products */ = {
			isa = PBXGroup;
			children = (
				DD0D79502593AECB0065267F /* CoreFollowUpPoC.app */,
			);
			name = Products;
			sourceTree = "<group>";
		};
		DD0D79522593AECB0065267F /* CoreFollowUpPoC */ = {
			isa = PBXGroup;
			children = (
				517AEB3327DFB05200D00075 /* UI */,
				51BAB29427DF9CEF00B2FC6D /* Resources */,
				DD0D79532593AECB0065267F /* AppDelegate.h */,
				DD0D79542593AECB0065267F /* AppDelegate.m */,
				DD0D79592593AECC0065267F /* Assets.xcassets */,
				DD0D795B2593AECC0065267F /* Main.storyboard */,
				DD0D795E2593AECC0065267F /* Info.plist */,
				DD0D795F2593AECC0065267F /* main.m */,
				DD0D79612593AECC0065267F /* CoreFollowUpPoC.entitlements */,
			);
			path = CoreFollowUpPoC;
			sourceTree = "<group>";
		};
		DD0D79952593B8A60065267F /* Attack */ = {
			isa = PBXGroup;
			children = (
				DD0D79682593B2A40065267F /* CoreFollowUp.h */,
				DD0D79962593B8B70065267F /* CFUPhishingAttack.h */,
				DD0D79972593B8B70065267F /* CFUPhishingAttack.m */,
			);
			path = Attack;
			sourceTree = "<group>";
		};
/* End PBXGroup section */

/* Begin PBXNativeTarget section */
		DD0D794F2593AECB0065267F /* CoreFollowUpPoC */ = {
			isa = PBXNativeTarget;
			buildConfigurationList = DD0D79642593AECC0065267F /* Build configuration list for PBXNativeTarget "CoreFollowUpPoC" */;
			buildPhases = (
				DD0D794C2593AECB0065267F /* Sources */,
				DD0D794D2593AECB0065267F /* Frameworks */,
				DD0D794E2593AECB0065267F /* Resources */,
			);
			buildRules = (
			);
			dependencies = (
			);
			name = CoreFollowUpPoC;
			productName = CoreFollowUpPoC;
			productReference = DD0D79502593AECB0065267F /* CoreFollowUpPoC.app */;
			productType = "com.apple.product-type.application";
		};
/* End PBXNativeTarget section */

/* Begin PBXProject section */
		DD0D79482593AECB0065267F /* Project object */ = {
			isa = PBXProject;
			attributes = {
				LastSwiftUpdateCheck = 1230;
				LastUpgradeCheck = 1230;
				TargetAttributes = {
					DD0D794F2593AECB0065267F = {
						CreatedOnToolsVersion = 12.3;
						LastSwiftMigration = 1240;
					};
				};
			};
			buildConfigurationList = DD0D794B2593AECB0065267F /* Build configuration list for PBXProject "CoreFollowUpPoC" */;
			compatibilityVersion = "Xcode 9.3";
			developmentRegion = en;
			hasScannedForEncodings = 0;
			knownRegions = (
				en,
				Base,
			);
			mainGroup = DD0D79472593AECB0065267F;
			productRefGroup = DD0D79512593AECB0065267F /* Products */;
			projectDirPath = "";
			projectRoot = "";
			targets = (
				DD0D794F2593AECB0065267F /* CoreFollowUpPoC */,
			);
		};
/* End PBXProject section */

/* Begin PBXResourcesBuildPhase section */
		DD0D794E2593AECB0065267F /* Resources */ = {
			isa = PBXResourcesBuildPhase;
			buildActionMask = 2147483647;
			files = (
				DD0D795A2593AECC0065267F /* Assets.xcassets in Resources */,
				DD0D795D2593AECC0065267F /* Main.storyboard in Resources */,
				51BAB29527DF9CEF00B2FC6D /* Resources in Resources */,
			);
			runOnlyForDeploymentPostprocessing = 0;
		};
/* End PBXResourcesBuildPhase section */

/* Begin PBXSourcesBuildPhase section */
		DD0D794C2593AECB0065267F /* Sources */ = {
			isa = PBXSourcesBuildPhase;
			buildActionMask = 2147483647;
			files = (
				517AEB3627DFB06000D00075 /* LoginFlow.swift in Sources */,
				DD0D79602593AECC0065267F /* main.m in Sources */,
				DD0D79982593B8B70065267F /* CFUPhishingAttack.m in Sources */,
				DD0D79552593AECB0065267F /* AppDelegate.m in Sources */,
			);
			runOnlyForDeploymentPostprocessing = 0;
		};
/* End PBXSourcesBuildPhase section */

/* Begin PBXVariantGroup section */
		DD0D795B2593AECC0065267F /* Main.storyboard */ = {
			isa = PBXVariantGroup;
			children = (
				DD0D795C2593AECC0065267F /* Base */,
			);
			name = Main.storyboard;
			sourceTree = "<group>";
		};
/* End PBXVariantGroup section */

/* Begin XCBuildConfiguration section */
		DD0D79622593AECC0065267F /* Debug */ = {
			isa = XCBuildConfiguration;
			buildSettings = {
				ALWAYS_SEARCH_USER_PATHS = NO;
				CLANG_ANALYZER_NONNULL = YES;
				CLANG_ANALYZER_NUMBER_OBJECT_CONVERSION = YES_AGGRESSIVE;
				CLANG_CXX_LANGUAGE_STANDARD = "gnu++14";
				CLANG_CXX_LIBRARY = "libc++";
				CLANG_ENABLE_MODULES = YES;
				CLANG_ENABLE_OBJC_ARC = YES;
				CLANG_ENABLE_OBJC_WEAK = YES;
				CLANG_WARN_BLOCK_CAPTURE_AUTORELEASING = YES;
				CLANG_WARN_BOOL_CONVERSION = YES;
				CLANG_WARN_COMMA = YES;
				CLANG_WARN_CONSTANT_CONVERSION = YES;
				CLANG_WARN_DEPRECATED_OBJC_IMPLEMENTATIONS = YES;
				CLANG_WARN_DIRECT_OBJC_ISA_USAGE = YES_ERROR;
				CLANG_WARN_DOCUMENTATION_COMMENTS = YES;
				CLANG_WARN_EMPTY_BODY = YES;
				CLANG_WARN_ENUM_CONVERSION = YES;
				CLANG_WARN_INFINITE_RECURSION = YES;
				CLANG_WARN_INT_CONVERSION = YES;
				CLANG_WARN_NON_LITERAL_NULL_CONVERSION = YES;
				CLANG_WARN_OBJC_IMPLICIT_RETAIN_SELF = YES;
				CLANG_WARN_OBJC_LITERAL_CONVERSION = YES;
				CLANG_WARN_OBJC_ROOT_CLASS = YES_ERROR;
				CLANG_WARN_QUOTED_INCLUDE_IN_FRAMEWORK_HEADER = YES;
				CLANG_WARN_RANGE_LOOP_ANALYSIS = YES;
				CLANG_WARN_STRICT_PROTOTYPES = YES;
				CLANG_WARN_SUSPICIOUS_MOVE = YES;
				CLANG_WARN_UNGUARDED_AVAILABILITY = YES_AGGRESSIVE;
				CLANG_WARN_UNREACHABLE_CODE = YES;
				CLANG_WARN__DUPLICATE_METHOD_MATCH = YES;
				COPY_PHASE_STRIP = NO;
				DEBUG_INFORMATION_FORMAT = dwarf;
				ENABLE_STRICT_OBJC_MSGSEND = YES;
				ENABLE_TESTABILITY = YES;
				GCC_C_LANGUAGE_STANDARD = gnu11;
				GCC_DYNAMIC_NO_PIC = NO;
				GCC_NO_COMMON_BLOCKS = YES;
				GCC_OPTIMIZATION_LEVEL = 0;
				GCC_PREPROCESSOR_DEFINITIONS = (
					"DEBUG=1",
					"$(inherited)",
				);
				GCC_WARN_64_TO_32_BIT_CONVERSION = YES;
				GCC_WARN_ABOUT_RETURN_TYPE = YES_ERROR;
				GCC_WARN_UNDECLARED_SELECTOR = YES;
				GCC_WARN_UNINITIALIZED_AUTOS = YES_AGGRESSIVE;
				GCC_WARN_UNUSED_FUNCTION = YES;
				GCC_WARN_UNUSED_VARIABLE = YES;
				MACOSX_DEPLOYMENT_TARGET = 10.15;
				MTL_ENABLE_DEBUG_INFO = INCLUDE_SOURCE;
				MTL_FAST_MATH = YES;
				ONLY_ACTIVE_ARCH = YES;
				SDKROOT = macosx;
			};
			name = Debug;
		};
		DD0D79632593AECC0065267F /* Release */ = {
			isa = XCBuildConfiguration;
			buildSettings = {
				ALWAYS_SEARCH_USER_PATHS = NO;
				CLANG_ANALYZER_NONNULL = YES;
				CLANG_ANALYZER_NUMBER_OBJECT_CONVERSION = YES_AGGRESSIVE;
				CLANG_CXX_LANGUAGE_STANDARD = "gnu++14";
				CLANG_CXX_LIBRARY = "libc++";
				CLANG_ENABLE_MODULES = YES;
				CLANG_ENABLE_OBJC_ARC = YES;
				CLANG_ENABLE_OBJC_WEAK = YES;
				CLANG_WARN_BLOCK_CAPTURE_AUTORELEASING = YES;
				CLANG_WARN_BOOL_CONVERSION = YES;
				CLANG_WARN_COMMA = YES;
				CLANG_WARN_CONSTANT_CONVERSION = YES;
				CLANG_WARN_DEPRECATED_OBJC_IMPLEMENTATIONS = YES;
				CLANG_WARN_DIRECT_OBJC_ISA_USAGE = YES_ERROR;
				CLANG_WARN_DOCUMENTATION_COMMENTS = YES;
				CLANG_WARN_EMPTY_BODY = YES;
				CLANG_WARN_ENUM_CONVERSION = YES;
				CLANG_WARN_INFINITE_RECURSION = YES;
				CLANG_WARN_INT_CONVERSION = YES;
				CLANG_WARN_NON_LITERAL_NULL_CONVERSION = YES;
				CLANG_WARN_OBJC_IMPLICIT_RETAIN_SELF = YES;
				CLANG_WARN_OBJC_LITERAL_CONVERSION = YES;
				CLANG_WARN_OBJC_ROOT_CLASS = YES_ERROR;
				CLANG_WARN_QUOTED_INCLUDE_IN_FRAMEWORK_HEADER = YES;
				CLANG_WARN_RANGE_LOOP_ANALYSIS = YES;
				CLANG_WARN_STRICT_PROTOTYPES = YES;
				CLANG_WARN_SUSPICIOUS_MOVE = YES;
				CLANG_WARN_UNGUARDED_AVAILABILITY = YES_AGGRESSIVE;
				CLANG_WARN_UNREACHABLE_CODE = YES;
				CLANG_WARN__DUPLICATE_METHOD_MATCH = YES;
				COPY_PHASE_STRIP = NO;
				DEBUG_INFORMATION_FORMAT = "dwarf-with-dsym";
				ENABLE_NS_ASSERTIONS = NO;
				ENABLE_STRICT_OBJC_MSGSEND = YES;
				GCC_C_LANGUAGE_STANDARD = gnu11;
				GCC_NO_COMMON_BLOCKS = YES;
				GCC_WARN_64_TO_32_BIT_CONVERSION = YES;
				GCC_WARN_ABOUT_RETURN_TYPE = YES_ERROR;
				GCC_WARN_UNDECLARED_SELECTOR = YES;
				GCC_WARN_UNINITIALIZED_AUTOS = YES_AGGRESSIVE;
				GCC_WARN_UNUSED_FUNCTION = YES;
				GCC_WARN_UNUSED_VARIABLE = YES;
				MACOSX_DEPLOYMENT_TARGET = 10.15;
				MTL_ENABLE_DEBUG_INFO = NO;
				MTL_FAST_MATH = YES;
				SDKROOT = macosx;
			};
			name = Release;
		};
		DD0D79652593AECC0065267F /* Debug */ = {
			isa = XCBuildConfiguration;
			buildSettings = {
				ASSETCATALOG_COMPILER_APPICON_NAME = icon;
				ASSETCATALOG_COMPILER_GLOBAL_ACCENT_COLOR_NAME = AccentColor;
				CLANG_ENABLE_MODULES = YES;
				CODE_SIGN_ENTITLEMENTS = CoreFollowUpPoC/CoreFollowUpPoC.entitlements;
				CODE_SIGN_IDENTITY = "-";
				CODE_SIGN_STYLE = Automatic;
				COMBINE_HIDPI_IMAGES = YES;
				DEVELOPMENT_TEAM = "";
				ENABLE_HARDENED_RUNTIME = YES;
				INFOPLIST_FILE = CoreFollowUpPoC/Info.plist;
				LD_RUNPATH_SEARCH_PATHS = (
					"$(inherited)",
					"@executable_path/../Frameworks",
				);
				MACOSX_DEPLOYMENT_TARGET = 10.15;
				PRODUCT_BUNDLE_IDENTIFIER = codes.rambo.experiment.CoreFollowUpPoC;
				PRODUCT_NAME = "$(TARGET_NAME)";
				SWIFT_OBJC_BRIDGING_HEADER = "CoreFollowUpPoC/UI/CoreFollowUpPoC-Bridging-Header.h";
				SWIFT_OPTIMIZATION_LEVEL = "-Onone";
				SWIFT_VERSION = 5.0;
			};
			name = Debug;
		};
		DD0D79662593AECC0065267F /* Release */ = {
			isa = XCBuildConfiguration;
			buildSettings = {
				ASSETCATALOG_COMPILER_APPICON_NAME = icon;
				ASSETCATALOG_COMPILER_GLOBAL_ACCENT_COLOR_NAME = AccentColor;
				CLANG_ENABLE_MODULES = YES;
				CODE_SIGN_ENTITLEMENTS = CoreFollowUpPoC/CoreFollowUpPoC.entitlements;
				CODE_SIGN_IDENTITY = "-";
				CODE_SIGN_STYLE = Automatic;
				COMBINE_HIDPI_IMAGES = YES;
				DEVELOPMENT_TEAM = "";
				ENABLE_HARDENED_RUNTIME = YES;
				INFOPLIST_FILE = CoreFollowUpPoC/Info.plist;
				LD_RUNPATH_SEARCH_PATHS = (
					"$(inherited)",
					"@executable_path/../Frameworks",
				);
				MACOSX_DEPLOYMENT_TARGET = 10.15;
				PRODUCT_BUNDLE_IDENTIFIER = codes.rambo.experiment.CoreFollowUpPoC;
				PRODUCT_NAME = "$(TARGET_NAME)";
				SWIFT_OBJC_BRIDGING_HEADER = "CoreFollowUpPoC/UI/CoreFollowUpPoC-Bridging-Header.h";
				SWIFT_VERSION = 5.0;
			};
			name = Release;
		};
/* End XCBuildConfiguration section */

/* Begin XCConfigurationList section */
		DD0D794B2593AECB0065267F /* Build configuration list for PBXProject "CoreFollowUpPoC" */ = {
			isa = XCConfigurationList;
			buildConfigurations = (
				DD0D79622593AECC0065267F /* Debug */,
				DD0D79632593AECC0065267F /* Release */,
			);
			defaultConfigurationIsVisible = 0;
			defaultConfigurationName = Release;
		};
		DD0D79642593AECC0065267F /* Build configuration list for PBXNativeTarget "CoreFollowUpPoC" */ = {
			isa = XCConfigurationList;
			buildConfigurations = (
				DD0D79652593AECC0065267F /* Debug */,
				DD0D79662593AECC0065267F /* Release */,
			);
			defaultConfigurationIsVisible = 0;
			defaultConfigurationName = Release;
		};
/* End XCConfigurationList section */
	};
	rootObject = DD0D79482593AECB0065267F /* Project object */;
}
